<?xml version="1.0" encoding="utf-8"?>
<Project ToolsVersion="4.0" xmlns="http://schemas.microsoft.com/developer/msbuild/2003">
  <ItemGroup>
    <Filter Include="Source Files">
      <UniqueIdentifier>{4FC737F1-C7A5-4376-A066-2A32D752A2FF}</UniqueIdentifier>
      <Extensions>cpp;c;cc;cxx;def;odl;idl;hpj;bat;asm;asmx</Extensions>
    </Filter>
    <Filter Include="Header Files">
      <UniqueIdentifier>{93995380-89BD-4b04-88EB-625FBE52EBFB}</UniqueIdentifier>
      <Extensions>h;hh;hpp;hxx;hm;inl;inc;xsd</Extensions>
    </Filter>
    <Filter Include="Resource Files">
      <UniqueIdentifier>{67DA6AB6-F800-4c08-8B7A-83BB121AAD01}</UniqueIdentifier>
      <Extensions>rc;ico;cur;bmp;dlg;rc2;rct;bin;rgs;gif;jpg;jpeg;jpe;resx;tiff;tif;png;wav;mfcribbon-ms</Extensions>
    </Filter>
  </ItemGroup>
  <ItemGroup>
    <ClInclude Include="Empyrion\Iterators\Filters\CompRange.h">
      <Filter>Header Files</Filter>
    </ClInclude>
    <ClInclude Include="Empyrion\Iterators\Ranges\IRange.h">
      <Filter>Header Files</Filter>
    </ClInclude>
    <ClInclude Include="Empyrion\Time\Duration.h">
      <Filter>Header Files</Filter>
    </ClInclude>
    <ClInclude Include="Empyrion\Time\StopWatch.h">
      <Filter>Header Files</Filter>
    </ClInclude>
    <ClInclude Include="Empyrion\Time\TimeExtent.h">
      <Filter>Header Files</Filter>
    </ClInclude>
    <ClInclude Include="Empyrion\Time\Timer.h">
      <Filter>Header Files</Filter>
    </ClInclude>
    <ClInclude Include="Empyrion\Functors\Comparators.h">
      <Filter>Header Files</Filter>
    </ClInclude>
    <ClInclude Include="Empyrion\Iterators\Ranges\FRange.h">
      <Filter>Header Files</Filter>
    </ClInclude>
    <ClInclude Include="Empyrion\Common.h">
      <Filter>Header Files</Filter>
    </ClInclude>
    <ClInclude Include="Empyrion\Random\Distributions\NumericalDistributions.h">
      <Filter>Header Files</Filter>
    </ClInclude>
    <ClInclude Include="Empyrion\Random\Distributions\SpacialDistributions.h">
      <Filter>Header Files</Filter>
    </ClInclude>
    <ClInclude Include="Empyrion\Empyrion.hpp">
      <Filter>Header Files</Filter>
    </ClInclude>
    <ClInclude Include="Empyrion\Events\EventListener.h">
      <Filter>Header Files</Filter>
    </ClInclude>
    <ClInclude Include="Empyrion\Events\EventAction.h">
      <Filter>Header Files</Filter>
    </ClInclude>
    <ClInclude Include="Empyrion\Generators\Iota.h">
      <Filter>Header Files</Filter>
    </ClInclude>
    <ClInclude Include="Empyrion\Functors\Transform.h">
      <Filter>Header Files</Filter>
    </ClInclude>
    <ClInclude Include="Empyrion\Particles\ParticleSystem.h">
      <Filter>Header Files</Filter>
    </ClInclude>
    <ClInclude Include="Empyrion\Particles\ParticleEmitter.h">
      <Filter>Header Files</Filter>
    </ClInclude>
    <ClInclude Include="Empyrion\Particles\Particle.h">
      <Filter>Header Files</Filter>
    </ClInclude>
    <ClInclude Include="Empyrion\Time\TimeStep.h">
      <Filter>Header Files</Filter>
    </ClInclude>
    <ClInclude Include="Empyrion\Random\Generators.h">
      <Filter>Header Files</Filter>
    </ClInclude>
    <ClInclude Include="Empyrion\Particles\ParticleAffector.h">
      <Filter>Header Files</Filter>
    </ClInclude>
    <ClInclude Include="Empyrion\Conversion\LiteralOps.h">
      <Filter>Header Files</Filter>
    </ClInclude>
    <ClInclude Include="Empyrion\Iterators\Iterators.hpp">
      <Filter>Header Files</Filter>
    </ClInclude>
  </ItemGroup>
  <ItemGroup>
    <ClCompile Include="main.cpp">
      <Filter>Source Files</Filter>
    </ClCompile>
    <ClCompile Include="Empyrion\Time\Duration.cpp">
      <Filter>Source Files</Filter>
    </ClCompile>
    <ClCompile Include="Empyrion\Time\StopWatch.cpp">
      <Filter>Source Files</Filter>
    </ClCompile>
    <ClCompile Include="Empyrion\Time\TimeExtent.cpp">
      <Filter>Source Files</Filter>
    </ClCompile>
    <ClCompile Include="Empyrion\Random\Distributions\SpacialDistributions.cpp">
      <Filter>Source Files</Filter>
    </ClCompile>
    <ClCompile Include="Empyrion\Time\Timer.cpp">
      <Filter>Source Files</Filter>
    </ClCompile>
    <ClCompile Include="Empyrion\Iterators\Ranges\FRange.cpp">
      <Filter>Source Files</Filter>
    </ClCompile>
    <ClCompile Include="Empyrion\Events\EventListener.cpp">
      <Filter>Source Files</Filter>
    </ClCompile>
    <ClCompile Include="Empyrion\Particles\ParticleSystem.cpp">
      <Filter>Source Files</Filter>
    </ClCompile>
    <ClCompile Include="Empyrion\Particles\ParticleEmitter.cpp">
      <Filter>Source Files</Filter>
    </ClCompile>
    <ClCompile Include="Empyrion\Particles\Particle.cpp">
      <Filter>Source Files</Filter>
    </ClCompile>
    <ClCompile Include="Empyrion\Time\TimeStep.cpp">
      <Filter>Source Files</Filter>
    </ClCompile>
    <ClCompile Include="Empyrion\Particles\ParticleAffector.cpp">
      <Filter>Source Files</Filter>
    </ClCompile>
    <ClCompile Include="Empyrion\Random\Distributions\NumericalDistributions.cpp">
      <Filter>Source Files</Filter>
    </ClCompile>
  </ItemGroup>
  <ItemGroup>
    <None Include="Empyrion\Iterators\Ranges\IRange.inl">
      <Filter>Header Files</Filter>
    </None>
    <None Include="Empyrion\Iterators\Filters\CompRange.inl">
      <Filter>Header Files</Filter>
    </None>
    <None Include="Empyrion\Functors\Comparitors.inl">
      <Filter>Header Files</Filter>
    </None>
    <None Include="Empyrion\Random\Distributions\NumericalDistributions.inl">
      <Filter>Header Files</Filter>
    </None>
    <None Include="Empyrion\Time\Duration.inl">
      <Filter>Header Files</Filter>
    </None>
    <None Include="Empyrion\Generators\Iota.inl">
      <Filter>Header Files</Filter>
    </None>
    <None Include="Empyrion\Functors\Transform.inl">
      <Filter>Header Files</Filter>
    </None>
  </ItemGroup>
</Project>